// !$*UTF8*$!
{
	archiveVersion = 1;
	classes = {
	};
	objectVersion = 53;
	objects = {

/* Begin PBXAggregateTarget section */
		BD364AAE2A1194F800CB82A7 /* ALL */ = {
			isa = PBXAggregateTarget;
			buildConfigurationList = BD364AAF2A1194F800CB82A7 /* Build configuration list for PBXAggregateTarget "ALL" */;
			buildPhases = (
			);
			dependencies = (
				BD954FA02A1199F600D5E2F2 /* PBXTargetDependency */,
				BD364AB32A11950D00CB82A7 /* PBXTargetDependency */,
				BD364AB52A11950D00CB82A7 /* PBXTargetDependency */,
				BD364AB72A11950D00CB82A7 /* PBXTargetDependency */,
			);
			name = ALL;
			productName = ALL;
		};
/* End PBXAggregateTarget section */

/* Begin PBXBuildFile section */
		BD364A8D2A118ED700CB82A7 /* Structure.h in Headers */ = {isa = PBXBuildFile; fileRef = BDED98D52A1186C00098E2CF /* Structure.h */; settings = {ATTRIBUTES = (Public, ); }; };
		BD364A8E2A118EDE00CB82A7 /* Data.h in Headers */ = {isa = PBXBuildFile; fileRef = BDED98D62A1186C00098E2CF /* Data.h */; settings = {ATTRIBUTES = (Public, ); }; };
		BD364A8F2A118EE600CB82A7 /* Key.h in Headers */ = {isa = PBXBuildFile; fileRef = BDED98D72A1186C00098E2CF /* Key.h */; settings = {ATTRIBUTES = (Public, ); }; };
		BD364A902A118EF200CB82A7 /* Date.h in Headers */ = {isa = PBXBuildFile; fileRef = BDED98D82A1186C00098E2CF /* Date.h */; settings = {ATTRIBUTES = (Public, ); }; };
		BD364A912A118EF800CB82A7 /* Node.h in Headers */ = {isa = PBXBuildFile; fileRef = BDED98D92A1186C00098E2CF /* Node.h */; settings = {ATTRIBUTES = (Public, ); }; };
		BD364A922A118F0100CB82A7 /* Real.h in Headers */ = {isa = PBXBuildFile; fileRef = BDED98DA2A1186C00098E2CF /* Real.h */; settings = {ATTRIBUTES = (Public, ); }; };
		BD364A932A118F0800CB82A7 /* Boolean.h in Headers */ = {isa = PBXBuildFile; fileRef = BDED98DB2A1186C00098E2CF /* Boolean.h */; settings = {ATTRIBUTES = (Public, ); }; };
		BD364A942A118F1200CB82A7 /* Dictionary.h in Headers */ = {isa = PBXBuildFile; fileRef = BDED98DC2A1186C00098E2CF /* Dictionary.h */; settings = {ATTRIBUTES = (Public, ); }; };
		BD364A952A118F1C00CB82A7 /* plist++.h in Headers */ = {isa = PBXBuildFile; fileRef = BDED98DD2A1186C00098E2CF /* plist++.h */; settings = {ATTRIBUTES = (Public, ); }; };
		BD364A962A118F2A00CB82A7 /* Array.h in Headers */ = {isa = PBXBuildFile; fileRef = BDED98DE2A1186C00098E2CF /* Array.h */; settings = {ATTRIBUTES = (Public, ); }; };
		BD364A972A118F3A00CB82A7 /* Integer.h in Headers */ = {isa = PBXBuildFile; fileRef = BDED98DF2A1186C00098E2CF /* Integer.h */; settings = {ATTRIBUTES = (Public, ); }; };
		BD364A982A118F4000CB82A7 /* plist.h in Headers */ = {isa = PBXBuildFile; fileRef = BDED98E02A1186C00098E2CF /* plist.h */; settings = {ATTRIBUTES = (Public, ); }; };
		BD364A992A118F4800CB82A7 /* Uid.h in Headers */ = {isa = PBXBuildFile; fileRef = BDED98E12A1186C00098E2CF /* Uid.h */; settings = {ATTRIBUTES = (Public, ); }; };
		BD364A9A2A118F5300CB82A7 /* String.h in Headers */ = {isa = PBXBuildFile; fileRef = BDED98E22A1186C00098E2CF /* String.h */; settings = {ATTRIBUTES = (Public, ); }; };
		BD364A9B2A1190A200CB82A7 /* libcnary.a in Frameworks */ = {isa = PBXBuildFile; fileRef = BDED99402A118B1A0098E2CF /* libcnary.a */; };
		BD364AAA2A11914A00CB82A7 /* plistutil.c in Sources */ = {isa = PBXBuildFile; fileRef = BD364A9E2A11910B00CB82A7 /* plistutil.c */; };
		BD364AAD2A1191A000CB82A7 /* libplist.a in Frameworks */ = {isa = PBXBuildFile; fileRef = BDED98CC2A1186A20098E2CF /* libplist.a */; };
		BD364AC42A11967100CB82A7 /* plist.h in Headers */ = {isa = PBXBuildFile; fileRef = BDED98E02A1186C00098E2CF /* plist.h */; settings = {ATTRIBUTES = (Public, ); }; };
		BD364AC52A11969500CB82A7 /* jsmn.c in Sources */ = {isa = PBXBuildFile; fileRef = BDED99062A1186F00098E2CF /* jsmn.c */; };
		BD364AC62A11969500CB82A7 /* out-limd.c in Sources */ = {isa = PBXBuildFile; fileRef = BDED99032A1186F00098E2CF /* out-limd.c */; };
		BD364AC72A11969500CB82A7 /* oplist.c in Sources */ = {isa = PBXBuildFile; fileRef = BDED98FB2A1186F00098E2CF /* oplist.c */; };
		BD364AC82A11969500CB82A7 /* hashtable.c in Sources */ = {isa = PBXBuildFile; fileRef = BDED99002A1186F00098E2CF /* hashtable.c */; };
		BD364AC92A11969500CB82A7 /* jplist.c in Sources */ = {isa = PBXBuildFile; fileRef = BDED98F72A1186F00098E2CF /* jplist.c */; };
		BD364ACA2A11969500CB82A7 /* xplist.c in Sources */ = {isa = PBXBuildFile; fileRef = BDED98E92A1186F00098E2CF /* xplist.c */; };
		BD364ACB2A11969500CB82A7 /* out-plutil.c in Sources */ = {isa = PBXBuildFile; fileRef = BDED98F42A1186F00098E2CF /* out-plutil.c */; };
		BD364ACC2A11969500CB82A7 /* ptrarray.c in Sources */ = {isa = PBXBuildFile; fileRef = BDED98FF2A1186F00098E2CF /* ptrarray.c */; };
		BD364ACD2A11969500CB82A7 /* time64.c in Sources */ = {isa = PBXBuildFile; fileRef = BDED98E82A1186F00098E2CF /* time64.c */; };
		BD364ACE2A11969500CB82A7 /* base64.c in Sources */ = {isa = PBXBuildFile; fileRef = BDED99012A1186F00098E2CF /* base64.c */; };
		BD364ACF2A11969500CB82A7 /* bplist.c in Sources */ = {isa = PBXBuildFile; fileRef = BDED98E72A1186F00098E2CF /* bplist.c */; };
		BD364AD02A11969500CB82A7 /* bytearray.c in Sources */ = {isa = PBXBuildFile; fileRef = BDED98FC2A1186F00098E2CF /* bytearray.c */; };
		BD364AD12A11969500CB82A7 /* plist.c in Sources */ = {isa = PBXBuildFile; fileRef = BDED98F52A1186F00098E2CF /* plist.c */; };
		BD364AD22A11969500CB82A7 /* out-default.c in Sources */ = {isa = PBXBuildFile; fileRef = BDED99082A1186F00098E2CF /* out-default.c */; };
		BD364AD52A1196B800CB82A7 /* libcnary.a in Frameworks */ = {isa = PBXBuildFile; fileRef = BDED99402A118B1A0098E2CF /* libcnary.a */; };
		BD3796F82A11F1F100720A16 /* cnary.c in Sources */ = {isa = PBXBuildFile; fileRef = BDED993A2A118AF90098E2CF /* cnary.c */; };
		BD3796FB2A11F21F00720A16 /* libcnary.a in Frameworks */ = {isa = PBXBuildFile; fileRef = BDED99402A118B1A0098E2CF /* libcnary.a */; };
		BD3796FD2A11FAAD00720A16 /* config.h in Headers */ = {isa = PBXBuildFile; fileRef = BDED994C2A118C2A0098E2CF /* config.h */; };
		BDED990B2A1186F00098E2CF /* strbuf.h in Headers */ = {isa = PBXBuildFile; fileRef = BDED98E52A1186F00098E2CF /* strbuf.h */; };
		BDED990C2A1186F00098E2CF /* bytearray.h in Headers */ = {isa = PBXBuildFile; fileRef = BDED98E62A1186F00098E2CF /* bytearray.h */; };
		BDED990D2A1186F00098E2CF /* bplist.c in Sources */ = {isa = PBXBuildFile; fileRef = BDED98E72A1186F00098E2CF /* bplist.c */; };
		BDED990E2A1186F00098E2CF /* time64.c in Sources */ = {isa = PBXBuildFile; fileRef = BDED98E82A1186F00098E2CF /* time64.c */; };
		BDED990F2A1186F00098E2CF /* xplist.c in Sources */ = {isa = PBXBuildFile; fileRef = BDED98E92A1186F00098E2CF /* xplist.c */; };
		BDED99102A1186F00098E2CF /* base64.h in Headers */ = {isa = PBXBuildFile; fileRef = BDED98EA2A1186F00098E2CF /* base64.h */; };
		BDED99112A1186F00098E2CF /* ptrarray.h in Headers */ = {isa = PBXBuildFile; fileRef = BDED98EB2A1186F00098E2CF /* ptrarray.h */; };
		BDED99122A1186F00098E2CF /* hashtable.h in Headers */ = {isa = PBXBuildFile; fileRef = BDED98EC2A1186F00098E2CF /* hashtable.h */; };
		BDED99162A1186F00098E2CF /* jsmn.h in Headers */ = {isa = PBXBuildFile; fileRef = BDED98F12A1186F00098E2CF /* jsmn.h */; };
		BDED991A2A1186F00098E2CF /* plist.c in Sources */ = {isa = PBXBuildFile; fileRef = BDED98F52A1186F00098E2CF /* plist.c */; };
		BDED991C2A1186F00098E2CF /* jplist.c in Sources */ = {isa = PBXBuildFile; fileRef = BDED98F72A1186F00098E2CF /* jplist.c */; };
		BDED991F2A1186F00098E2CF /* oplist.c in Sources */ = {isa = PBXBuildFile; fileRef = BDED98FB2A1186F00098E2CF /* oplist.c */; };
		BDED99202A1186F00098E2CF /* bytearray.c in Sources */ = {isa = PBXBuildFile; fileRef = BDED98FC2A1186F00098E2CF /* bytearray.c */; };
		BDED99212A1186F00098E2CF /* time64_limits.h in Headers */ = {isa = PBXBuildFile; fileRef = BDED98FE2A1186F00098E2CF /* time64_limits.h */; };
		BDED99222A1186F00098E2CF /* ptrarray.c in Sources */ = {isa = PBXBuildFile; fileRef = BDED98FF2A1186F00098E2CF /* ptrarray.c */; };
		BDED99232A1186F00098E2CF /* hashtable.c in Sources */ = {isa = PBXBuildFile; fileRef = BDED99002A1186F00098E2CF /* hashtable.c */; };
		BDED99242A1186F00098E2CF /* base64.c in Sources */ = {isa = PBXBuildFile; fileRef = BDED99012A1186F00098E2CF /* base64.c */; };
		BDED99252A1186F00098E2CF /* time64.h in Headers */ = {isa = PBXBuildFile; fileRef = BDED99022A1186F00098E2CF /* time64.h */; };
		BDED99292A1186F00098E2CF /* jsmn.c in Sources */ = {isa = PBXBuildFile; fileRef = BDED99062A1186F00098E2CF /* jsmn.c */; };
		BDED992C2A1186F00098E2CF /* plist.h in Headers */ = {isa = PBXBuildFile; fileRef = BDED99092A1186F00098E2CF /* plist.h */; };
		BDED99442A118B280098E2CF /* node.c in Sources */ = {isa = PBXBuildFile; fileRef = BDED993B2A118AF90098E2CF /* node.c */; };
		BDED99452A118B280098E2CF /* node_list.c in Sources */ = {isa = PBXBuildFile; fileRef = BDED99322A118AF90098E2CF /* node_list.c */; };
		BDED99472A118B330098E2CF /* node.h in Headers */ = {isa = PBXBuildFile; fileRef = BDED99342A118AF90098E2CF /* node.h */; };
		BDED99482A118B330098E2CF /* node_list.h in Headers */ = {isa = PBXBuildFile; fileRef = BDED99362A118AF90098E2CF /* node_list.h */; };
		BDED99492A118B330098E2CF /* object.h in Headers */ = {isa = PBXBuildFile; fileRef = BDED99352A118AF90098E2CF /* object.h */; };
		BDED994D2A118C2A0098E2CF /* config.h in Headers */ = {isa = PBXBuildFile; fileRef = BDED994C2A118C2A0098E2CF /* config.h */; };
		BDED994E2A118C2A0098E2CF /* config.h in Headers */ = {isa = PBXBuildFile; fileRef = BDED994C2A118C2A0098E2CF /* config.h */; };
		BDED99572A118DAD0098E2CF /* config.h in Headers */ = {isa = PBXBuildFile; fileRef = BDED994C2A118C2A0098E2CF /* config.h */; };
		BDED995E2A118DAD0098E2CF /* Uid.cpp in Sources */ = {isa = PBXBuildFile; fileRef = BDED98EF2A1186F00098E2CF /* Uid.cpp */; };
		BDED995F2A118DAD0098E2CF /* Integer.cpp in Sources */ = {isa = PBXBuildFile; fileRef = BDED99042A1186F00098E2CF /* Integer.cpp */; };
		BDED99612A118DAD0098E2CF /* Node.cpp in Sources */ = {isa = PBXBuildFile; fileRef = BDED98F22A1186F00098E2CF /* Node.cpp */; };
		BDED99622A118DAD0098E2CF /* String.cpp in Sources */ = {isa = PBXBuildFile; fileRef = BDED98F32A1186F00098E2CF /* String.cpp */; };
		BDED99632A118DAD0098E2CF /* Real.cpp in Sources */ = {isa = PBXBuildFile; fileRef = BDED98FA2A1186F00098E2CF /* Real.cpp */; };
		BDED99662A118DAD0098E2CF /* Key.cpp in Sources */ = {isa = PBXBuildFile; fileRef = BDED99072A1186F00098E2CF /* Key.cpp */; };
		BDED99692A118DAD0098E2CF /* Array.cpp in Sources */ = {isa = PBXBuildFile; fileRef = BDED98F92A1186F00098E2CF /* Array.cpp */; };
		BDED996C2A118DAD0098E2CF /* Date.cpp in Sources */ = {isa = PBXBuildFile; fileRef = BDED98F02A1186F00098E2CF /* Date.cpp */; };
		BDED996D2A118DAD0098E2CF /* Boolean.cpp in Sources */ = {isa = PBXBuildFile; fileRef = BDED99052A1186F00098E2CF /* Boolean.cpp */; };
		BDED996E2A118DAD0098E2CF /* Data.cpp in Sources */ = {isa = PBXBuildFile; fileRef = BDED98F62A1186F00098E2CF /* Data.cpp */; };
		BDED99722A118DAD0098E2CF /* Structure.cpp in Sources */ = {isa = PBXBuildFile; fileRef = BDED98ED2A1186F00098E2CF /* Structure.cpp */; };
		BDED99732A118DAD0098E2CF /* Dictionary.cpp in Sources */ = {isa = PBXBuildFile; fileRef = BDED990A2A1186F00098E2CF /* Dictionary.cpp */; };
		BDED997E2A118E470098E2CF /* out-default.c in Sources */ = {isa = PBXBuildFile; fileRef = BDED99082A1186F00098E2CF /* out-default.c */; };
		BDED997F2A118E470098E2CF /* out-limd.c in Sources */ = {isa = PBXBuildFile; fileRef = BDED99032A1186F00098E2CF /* out-limd.c */; };
		BDED99802A118E470098E2CF /* out-plutil.c in Sources */ = {isa = PBXBuildFile; fileRef = BDED98F42A1186F00098E2CF /* out-plutil.c */; };
/* End PBXBuildFile section */

/* Begin PBXContainerItemProxy section */
		BD364AAB2A11919800CB82A7 /* PBXContainerItemProxy */ = {
			isa = PBXContainerItemProxy;
			containerPortal = BDED98C42A1186A20098E2CF /* Project object */;
			proxyType = 1;
			remoteGlobalIDString = BDED98CB2A1186A20098E2CF;
			remoteInfo = libplist;
		};
		BD364AB22A11950D00CB82A7 /* PBXContainerItemProxy */ = {
			isa = PBXContainerItemProxy;
			containerPortal = BDED98C42A1186A20098E2CF /* Project object */;
			proxyType = 1;
			remoteGlobalIDString = BDED98CB2A1186A20098E2CF;
			remoteInfo = libplist;
		};
		BD364AB42A11950D00CB82A7 /* PBXContainerItemProxy */ = {
			isa = PBXContainerItemProxy;
			containerPortal = BDED98C42A1186A20098E2CF /* Project object */;
			proxyType = 1;
			remoteGlobalIDString = BDED994F2A118DAD0098E2CF;
			remoteInfo = libplistcpp;
		};
		BD364AB62A11950D00CB82A7 /* PBXContainerItemProxy */ = {
			isa = PBXContainerItemProxy;
			containerPortal = BDED98C42A1186A20098E2CF /* Project object */;
			proxyType = 1;
			remoteGlobalIDString = BD364AA22A11913700CB82A7;
			remoteInfo = plistutil;
		};
		BD364AD32A1196B000CB82A7 /* PBXContainerItemProxy */ = {
			isa = PBXContainerItemProxy;
			containerPortal = BDED98C42A1186A20098E2CF /* Project object */;
			proxyType = 1;
			remoteGlobalIDString = BDED993F2A118B1A0098E2CF;
			remoteInfo = libcnary;
		};
		BD3796F92A11F21800720A16 /* PBXContainerItemProxy */ = {
			isa = PBXContainerItemProxy;
			containerPortal = BDED98C42A1186A20098E2CF /* Project object */;
			proxyType = 1;
			remoteGlobalIDString = BDED993F2A118B1A0098E2CF;
			remoteInfo = libcnary;
		};
		BD954F9F2A1199F600D5E2F2 /* PBXContainerItemProxy */ = {
			isa = PBXContainerItemProxy;
			containerPortal = BDED98C42A1186A20098E2CF /* Project object */;
			proxyType = 1;
			remoteGlobalIDString = BD364ABC2A11964D00CB82A7;
			remoteInfo = plist;
		};
		BDED994A2A118B830098E2CF /* PBXContainerItemProxy */ = {
			isa = PBXContainerItemProxy;
			containerPortal = BDED98C42A1186A20098E2CF /* Project object */;
			proxyType = 1;
			remoteGlobalIDString = BDED993F2A118B1A0098E2CF;
			remoteInfo = libcnary;
		};
		BDED998C2A118E720098E2CF /* PBXContainerItemProxy */ = {
			isa = PBXContainerItemProxy;
			containerPortal = BDED98C42A1186A20098E2CF /* Project object */;
			proxyType = 1;
			remoteGlobalIDString = BDED98CB2A1186A20098E2CF;
			remoteInfo = libplist;
		};
/* End PBXContainerItemProxy section */

/* Begin PBXCopyFilesBuildPhase section */
		BD364AA12A11913700CB82A7 /* CopyFiles */ = {
			isa = PBXCopyFilesBuildPhase;
			buildActionMask = 2147483647;
			dstPath = /usr/share/man/man1/;
			dstSubfolderSpec = 0;
			files = (
			);
			runOnlyForDeploymentPostprocessing = 1;
		};
		BD3796EF2A11F1B800720A16 /* CopyFiles */ = {
			isa = PBXCopyFilesBuildPhase;
			buildActionMask = 2147483647;
			dstPath = /usr/share/man/man1/;
			dstSubfolderSpec = 0;
			files = (
			);
			runOnlyForDeploymentPostprocessing = 1;
		};
/* End PBXCopyFilesBuildPhase section */

/* Begin PBXFileReference section */
		BD364A9E2A11910B00CB82A7 /* plistutil.c */ = {isa = PBXFileReference; lastKnownFileType = sourcecode.c.c; path = plistutil.c; sourceTree = "<group>"; };
		BD364AA32A11913700CB82A7 /* plistutil */ = {isa = PBXFileReference; explicitFileType = "compiled.mach-o.executable"; includeInIndex = 0; path = plistutil; sourceTree = BUILT_PRODUCTS_DIR; };
		BD364ABD2A11964D00CB82A7 /* plist.framework */ = {isa = PBXFileReference; explicitFileType = wrapper.framework; includeInIndex = 0; path = plist.framework; sourceTree = BUILT_PRODUCTS_DIR; };
		BD3796F12A11F1B800720A16 /* cnary */ = {isa = PBXFileReference; explicitFileType = "compiled.mach-o.executable"; includeInIndex = 0; path = cnary; sourceTree = BUILT_PRODUCTS_DIR; };
		BDED98CC2A1186A20098E2CF /* libplist.a */ = {isa = PBXFileReference; explicitFileType = archive.ar; includeInIndex = 0; path = libplist.a; sourceTree = BUILT_PRODUCTS_DIR; };
		BDED98D52A1186C00098E2CF /* Structure.h */ = {isa = PBXFileReference; lastKnownFileType = sourcecode.c.h; path = Structure.h; sourceTree = "<group>"; };
		BDED98D62A1186C00098E2CF /* Data.h */ = {isa = PBXFileReference; lastKnownFileType = sourcecode.c.h; path = Data.h; sourceTree = "<group>"; };
		BDED98D72A1186C00098E2CF /* Key.h */ = {isa = PBXFileReference; lastKnownFileType = sourcecode.c.h; path = Key.h; sourceTree = "<group>"; };
		BDED98D82A1186C00098E2CF /* Date.h */ = {isa = PBXFileReference; lastKnownFileType = sourcecode.c.h; path = Date.h; sourceTree = "<group>"; };
		BDED98D92A1186C00098E2CF /* Node.h */ = {isa = PBXFileReference; lastKnownFileType = sourcecode.c.h; path = Node.h; sourceTree = "<group>"; };
		BDED98DA2A1186C00098E2CF /* Real.h */ = {isa = PBXFileReference; lastKnownFileType = sourcecode.c.h; path = Real.h; sourceTree = "<group>"; };
		BDED98DB2A1186C00098E2CF /* Boolean.h */ = {isa = PBXFileReference; lastKnownFileType = sourcecode.c.h; path = Boolean.h; sourceTree = "<group>"; };
		BDED98DC2A1186C00098E2CF /* Dictionary.h */ = {isa = PBXFileReference; lastKnownFileType = sourcecode.c.h; path = Dictionary.h; sourceTree = "<group>"; };
		BDED98DD2A1186C00098E2CF /* plist++.h */ = {isa = PBXFileReference; lastKnownFileType = sourcecode.c.h; path = "plist++.h"; sourceTree = "<group>"; };
		BDED98DE2A1186C00098E2CF /* Array.h */ = {isa = PBXFileReference; lastKnownFileType = sourcecode.c.h; path = Array.h; sourceTree = "<group>"; };
		BDED98DF2A1186C00098E2CF /* Integer.h */ = {isa = PBXFileReference; lastKnownFileType = sourcecode.c.h; path = Integer.h; sourceTree = "<group>"; };
		BDED98E02A1186C00098E2CF /* plist.h */ = {isa = PBXFileReference; lastKnownFileType = sourcecode.c.h; path = plist.h; sourceTree = "<group>"; };
		BDED98E12A1186C00098E2CF /* Uid.h */ = {isa = PBXFileReference; lastKnownFileType = sourcecode.c.h; path = Uid.h; sourceTree = "<group>"; };
		BDED98E22A1186C00098E2CF /* String.h */ = {isa = PBXFileReference; lastKnownFileType = sourcecode.c.h; path = String.h; sourceTree = "<group>"; };
		BDED98E52A1186F00098E2CF /* strbuf.h */ = {isa = PBXFileReference; fileEncoding = 4; lastKnownFileType = sourcecode.c.h; path = strbuf.h; sourceTree = "<group>"; };
		BDED98E62A1186F00098E2CF /* bytearray.h */ = {isa = PBXFileReference; fileEncoding = 4; lastKnownFileType = sourcecode.c.h; path = bytearray.h; sourceTree = "<group>"; };
		BDED98E72A1186F00098E2CF /* bplist.c */ = {isa = PBXFileReference; fileEncoding = 4; lastKnownFileType = sourcecode.c.c; path = bplist.c; sourceTree = "<group>"; };
		BDED98E82A1186F00098E2CF /* time64.c */ = {isa = PBXFileReference; fileEncoding = 4; lastKnownFileType = sourcecode.c.c; path = time64.c; sourceTree = "<group>"; };
		BDED98E92A1186F00098E2CF /* xplist.c */ = {isa = PBXFileReference; fileEncoding = 4; lastKnownFileType = sourcecode.c.c; path = xplist.c; sourceTree = "<group>"; };
		BDED98EA2A1186F00098E2CF /* base64.h */ = {isa = PBXFileReference; fileEncoding = 4; lastKnownFileType = sourcecode.c.h; path = base64.h; sourceTree = "<group>"; };
		BDED98EB2A1186F00098E2CF /* ptrarray.h */ = {isa = PBXFileReference; fileEncoding = 4; lastKnownFileType = sourcecode.c.h; path = ptrarray.h; sourceTree = "<group>"; };
		BDED98EC2A1186F00098E2CF /* hashtable.h */ = {isa = PBXFileReference; fileEncoding = 4; lastKnownFileType = sourcecode.c.h; path = hashtable.h; sourceTree = "<group>"; };
		BDED98ED2A1186F00098E2CF /* Structure.cpp */ = {isa = PBXFileReference; fileEncoding = 4; lastKnownFileType = sourcecode.cpp.cpp; path = Structure.cpp; sourceTree = "<group>"; };
		BDED98EF2A1186F00098E2CF /* Uid.cpp */ = {isa = PBXFileReference; fileEncoding = 4; lastKnownFileType = sourcecode.cpp.cpp; path = Uid.cpp; sourceTree = "<group>"; };
		BDED98F02A1186F00098E2CF /* Date.cpp */ = {isa = PBXFileReference; fileEncoding = 4; lastKnownFileType = sourcecode.cpp.cpp; path = Date.cpp; sourceTree = "<group>"; };
		BDED98F12A1186F00098E2CF /* jsmn.h */ = {isa = PBXFileReference; fileEncoding = 4; lastKnownFileType = sourcecode.c.h; path = jsmn.h; sourceTree = "<group>"; };
		BDED98F22A1186F00098E2CF /* Node.cpp */ = {isa = PBXFileReference; fileEncoding = 4; lastKnownFileType = sourcecode.cpp.cpp; path = Node.cpp; sourceTree = "<group>"; };
		BDED98F32A1186F00098E2CF /* String.cpp */ = {isa = PBXFileReference; fileEncoding = 4; lastKnownFileType = sourcecode.cpp.cpp; path = String.cpp; sourceTree = "<group>"; };
		BDED98F42A1186F00098E2CF /* out-plutil.c */ = {isa = PBXFileReference; fileEncoding = 4; lastKnownFileType = sourcecode.c.c; path = "out-plutil.c"; sourceTree = "<group>"; };
		BDED98F52A1186F00098E2CF /* plist.c */ = {isa = PBXFileReference; fileEncoding = 4; lastKnownFileType = sourcecode.c.c; path = plist.c; sourceTree = "<group>"; };
		BDED98F62A1186F00098E2CF /* Data.cpp */ = {isa = PBXFileReference; fileEncoding = 4; lastKnownFileType = sourcecode.cpp.cpp; path = Data.cpp; sourceTree = "<group>"; };
		BDED98F72A1186F00098E2CF /* jplist.c */ = {isa = PBXFileReference; fileEncoding = 4; lastKnownFileType = sourcecode.c.c; path = jplist.c; sourceTree = "<group>"; };
		BDED98F92A1186F00098E2CF /* Array.cpp */ = {isa = PBXFileReference; fileEncoding = 4; lastKnownFileType = sourcecode.cpp.cpp; path = Array.cpp; sourceTree = "<group>"; };
		BDED98FA2A1186F00098E2CF /* Real.cpp */ = {isa = PBXFileReference; fileEncoding = 4; lastKnownFileType = sourcecode.cpp.cpp; path = Real.cpp; sourceTree = "<group>"; };
		BDED98FB2A1186F00098E2CF /* oplist.c */ = {isa = PBXFileReference; fileEncoding = 4; lastKnownFileType = sourcecode.c.c; path = oplist.c; sourceTree = "<group>"; };
		BDED98FC2A1186F00098E2CF /* bytearray.c */ = {isa = PBXFileReference; fileEncoding = 4; lastKnownFileType = sourcecode.c.c; path = bytearray.c; sourceTree = "<group>"; };
		BDED98FE2A1186F00098E2CF /* time64_limits.h */ = {isa = PBXFileReference; fileEncoding = 4; lastKnownFileType = sourcecode.c.h; path = time64_limits.h; sourceTree = "<group>"; };
		BDED98FF2A1186F00098E2CF /* ptrarray.c */ = {isa = PBXFileReference; fileEncoding = 4; lastKnownFileType = sourcecode.c.c; path = ptrarray.c; sourceTree = "<group>"; };
		BDED99002A1186F00098E2CF /* hashtable.c */ = {isa = PBXFileReference; fileEncoding = 4; lastKnownFileType = sourcecode.c.c; path = hashtable.c; sourceTree = "<group>"; };
		BDED99012A1186F00098E2CF /* base64.c */ = {isa = PBXFileReference; fileEncoding = 4; lastKnownFileType = sourcecode.c.c; path = base64.c; sourceTree = "<group>"; };
		BDED99022A1186F00098E2CF /* time64.h */ = {isa = PBXFileReference; fileEncoding = 4; lastKnownFileType = sourcecode.c.h; path = time64.h; sourceTree = "<group>"; };
		BDED99032A1186F00098E2CF /* out-limd.c */ = {isa = PBXFileReference; fileEncoding = 4; lastKnownFileType = sourcecode.c.c; path = "out-limd.c"; sourceTree = "<group>"; };
		BDED99042A1186F00098E2CF /* Integer.cpp */ = {isa = PBXFileReference; fileEncoding = 4; lastKnownFileType = sourcecode.cpp.cpp; path = Integer.cpp; sourceTree = "<group>"; };
		BDED99052A1186F00098E2CF /* Boolean.cpp */ = {isa = PBXFileReference; fileEncoding = 4; lastKnownFileType = sourcecode.cpp.cpp; path = Boolean.cpp; sourceTree = "<group>"; };
		BDED99062A1186F00098E2CF /* jsmn.c */ = {isa = PBXFileReference; fileEncoding = 4; lastKnownFileType = sourcecode.c.c; path = jsmn.c; sourceTree = "<group>"; };
		BDED99072A1186F00098E2CF /* Key.cpp */ = {isa = PBXFileReference; fileEncoding = 4; lastKnownFileType = sourcecode.cpp.cpp; path = Key.cpp; sourceTree = "<group>"; };
		BDED99082A1186F00098E2CF /* out-default.c */ = {isa = PBXFileReference; fileEncoding = 4; lastKnownFileType = sourcecode.c.c; path = "out-default.c"; sourceTree = "<group>"; };
		BDED99092A1186F00098E2CF /* plist.h */ = {isa = PBXFileReference; fileEncoding = 4; lastKnownFileType = sourcecode.c.h; path = plist.h; sourceTree = "<group>"; };
		BDED990A2A1186F00098E2CF /* Dictionary.cpp */ = {isa = PBXFileReference; fileEncoding = 4; lastKnownFileType = sourcecode.cpp.cpp; path = Dictionary.cpp; sourceTree = "<group>"; };
		BDED99322A118AF90098E2CF /* node_list.c */ = {isa = PBXFileReference; lastKnownFileType = sourcecode.c.c; path = node_list.c; sourceTree = "<group>"; };
		BDED99342A118AF90098E2CF /* node.h */ = {isa = PBXFileReference; lastKnownFileType = sourcecode.c.h; path = node.h; sourceTree = "<group>"; };
		BDED99352A118AF90098E2CF /* object.h */ = {isa = PBXFileReference; lastKnownFileType = sourcecode.c.h; path = object.h; sourceTree = "<group>"; };
		BDED99362A118AF90098E2CF /* node_list.h */ = {isa = PBXFileReference; lastKnownFileType = sourcecode.c.h; path = node_list.h; sourceTree = "<group>"; };
		BDED993A2A118AF90098E2CF /* cnary.c */ = {isa = PBXFileReference; lastKnownFileType = sourcecode.c.c; path = cnary.c; sourceTree = "<group>"; };
		BDED993B2A118AF90098E2CF /* node.c */ = {isa = PBXFileReference; lastKnownFileType = sourcecode.c.c; path = node.c; sourceTree = "<group>"; };
		BDED99402A118B1A0098E2CF /* libcnary.a */ = {isa = PBXFileReference; explicitFileType = archive.ar; includeInIndex = 0; path = libcnary.a; sourceTree = BUILT_PRODUCTS_DIR; };
		BDED994C2A118C2A0098E2CF /* config.h */ = {isa = PBXFileReference; fileEncoding = 4; lastKnownFileType = sourcecode.c.h; name = config.h; path = Include/config.h; sourceTree = "<group>"; };
		BDED997A2A118DAD0098E2CF /* libplistcpp.a */ = {isa = PBXFileReference; explicitFileType = archive.ar; includeInIndex = 0; path = libplistcpp.a; sourceTree = BUILT_PRODUCTS_DIR; };
/* End PBXFileReference section */

/* Begin PBXFrameworksBuildPhase section */
		BD364AA02A11913700CB82A7 /* Frameworks */ = {
			isa = PBXFrameworksBuildPhase;
			buildActionMask = 2147483647;
			files = (
				BD364AAD2A1191A000CB82A7 /* libplist.a in Frameworks */,
			);
			runOnlyForDeploymentPostprocessing = 0;
		};
		BD364ABA2A11964D00CB82A7 /* Frameworks */ = {
			isa = PBXFrameworksBuildPhase;
			buildActionMask = 2147483647;
			files = (
				BD364AD52A1196B800CB82A7 /* libcnary.a in Frameworks */,
			);
			runOnlyForDeploymentPostprocessing = 0;
		};
		BD3796EE2A11F1B800720A16 /* Frameworks */ = {
			isa = PBXFrameworksBuildPhase;
			buildActionMask = 2147483647;
			files = (
				BD3796FB2A11F21F00720A16 /* libcnary.a in Frameworks */,
			);
			runOnlyForDeploymentPostprocessing = 0;
		};
		BDED98CA2A1186A20098E2CF /* Frameworks */ = {
			isa = PBXFrameworksBuildPhase;
			buildActionMask = 2147483647;
			files = (
				BD364A9B2A1190A200CB82A7 /* libcnary.a in Frameworks */,
			);
			runOnlyForDeploymentPostprocessing = 0;
		};
		BDED993E2A118B1A0098E2CF /* Frameworks */ = {
			isa = PBXFrameworksBuildPhase;
			buildActionMask = 2147483647;
			files = (
			);
			runOnlyForDeploymentPostprocessing = 0;
		};
		BDED99752A118DAD0098E2CF /* Frameworks */ = {
			isa = PBXFrameworksBuildPhase;
			buildActionMask = 2147483647;
			files = (
			);
			runOnlyForDeploymentPostprocessing = 0;
		};
/* End PBXFrameworksBuildPhase section */

/* Begin PBXGroup section */
		BD364A9C2A11910B00CB82A7 /* tools */ = {
			isa = PBXGroup;
			children = (
				BD364A9E2A11910B00CB82A7 /* plistutil.c */,
			);
			name = tools;
			path = ../../tools;
			sourceTree = "<group>";
		};
		BDED98C32A1186A20098E2CF = {
			isa = PBXGroup;
			children = (
				BDED994C2A118C2A0098E2CF /* config.h */,
				BDED98D32A1186C00098E2CF /* include */,
				BDED98E42A1186F00098E2CF /* src */,
				BDED99312A118AF90098E2CF /* libcnary */,
				BD364A9C2A11910B00CB82A7 /* tools */,
				BDED98CD2A1186A20098E2CF /* Products */,
				BDED992E2A1189870098E2CF /* Frameworks */,
			);
			sourceTree = "<group>";
		};
		BDED98CD2A1186A20098E2CF /* Products */ = {
			isa = PBXGroup;
			children = (
				BDED98CC2A1186A20098E2CF /* libplist.a */,
				BDED99402A118B1A0098E2CF /* libcnary.a */,
				BDED997A2A118DAD0098E2CF /* libplistcpp.a */,
				BD364AA32A11913700CB82A7 /* plistutil */,
				BD364ABD2A11964D00CB82A7 /* plist.framework */,
				BD3796F12A11F1B800720A16 /* cnary */,
			);
			name = Products;
			sourceTree = "<group>";
		};
		BDED98D32A1186C00098E2CF /* include */ = {
			isa = PBXGroup;
			children = (
				BDED98D42A1186C00098E2CF /* plist */,
			);
			name = include;
			path = ../../include;
			sourceTree = "<group>";
		};
		BDED98D42A1186C00098E2CF /* plist */ = {
			isa = PBXGroup;
			children = (
				BDED98DE2A1186C00098E2CF /* Array.h */,
				BDED98DB2A1186C00098E2CF /* Boolean.h */,
				BDED98D62A1186C00098E2CF /* Data.h */,
				BDED98D82A1186C00098E2CF /* Date.h */,
				BDED98DC2A1186C00098E2CF /* Dictionary.h */,
				BDED98DF2A1186C00098E2CF /* Integer.h */,
				BDED98D72A1186C00098E2CF /* Key.h */,
				BDED98D92A1186C00098E2CF /* Node.h */,
				BDED98E02A1186C00098E2CF /* plist.h */,
				BDED98DD2A1186C00098E2CF /* plist++.h */,
				BDED98DA2A1186C00098E2CF /* Real.h */,
				BDED98E22A1186C00098E2CF /* String.h */,
				BDED98D52A1186C00098E2CF /* Structure.h */,
				BDED98E12A1186C00098E2CF /* Uid.h */,
			);
			path = plist;
			sourceTree = "<group>";
		};
		BDED98E42A1186F00098E2CF /* src */ = {
			isa = PBXGroup;
			children = (
				BDED98F92A1186F00098E2CF /* Array.cpp */,
				BDED99012A1186F00098E2CF /* base64.c */,
				BDED98EA2A1186F00098E2CF /* base64.h */,
				BDED99052A1186F00098E2CF /* Boolean.cpp */,
				BDED98E72A1186F00098E2CF /* bplist.c */,
				BDED98FC2A1186F00098E2CF /* bytearray.c */,
				BDED98E62A1186F00098E2CF /* bytearray.h */,
				BDED98F62A1186F00098E2CF /* Data.cpp */,
				BDED98F02A1186F00098E2CF /* Date.cpp */,
				BDED990A2A1186F00098E2CF /* Dictionary.cpp */,
				BDED99002A1186F00098E2CF /* hashtable.c */,
				BDED98EC2A1186F00098E2CF /* hashtable.h */,
				BDED99042A1186F00098E2CF /* Integer.cpp */,
				BDED98F72A1186F00098E2CF /* jplist.c */,
				BDED99062A1186F00098E2CF /* jsmn.c */,
				BDED98F12A1186F00098E2CF /* jsmn.h */,
				BDED99072A1186F00098E2CF /* Key.cpp */,
				BDED98F22A1186F00098E2CF /* Node.cpp */,
				BDED98FB2A1186F00098E2CF /* oplist.c */,
				BDED99082A1186F00098E2CF /* out-default.c */,
				BDED99032A1186F00098E2CF /* out-limd.c */,
				BDED98F42A1186F00098E2CF /* out-plutil.c */,
				BDED98F52A1186F00098E2CF /* plist.c */,
				BDED99092A1186F00098E2CF /* plist.h */,
				BDED98FF2A1186F00098E2CF /* ptrarray.c */,
				BDED98EB2A1186F00098E2CF /* ptrarray.h */,
				BDED98FA2A1186F00098E2CF /* Real.cpp */,
				BDED98E52A1186F00098E2CF /* strbuf.h */,
				BDED98F32A1186F00098E2CF /* String.cpp */,
				BDED98ED2A1186F00098E2CF /* Structure.cpp */,
				BDED98FE2A1186F00098E2CF /* time64_limits.h */,
				BDED98E82A1186F00098E2CF /* time64.c */,
				BDED99022A1186F00098E2CF /* time64.h */,
				BDED98EF2A1186F00098E2CF /* Uid.cpp */,
				BDED98E92A1186F00098E2CF /* xplist.c */,
			);
			name = src;
			path = ../../src;
			sourceTree = "<group>";
		};
		BDED992E2A1189870098E2CF /* Frameworks */ = {
			isa = PBXGroup;
			children = (
			);
			name = Frameworks;
			sourceTree = "<group>";
		};
		BDED99312A118AF90098E2CF /* libcnary */ = {
			isa = PBXGroup;
			children = (
				BDED993A2A118AF90098E2CF /* cnary.c */,
				BDED99332A118AF90098E2CF /* include */,
				BDED99322A118AF90098E2CF /* node_list.c */,
				BDED993B2A118AF90098E2CF /* node.c */,
			);
			name = libcnary;
			path = ../../libcnary;
			sourceTree = "<group>";
		};
		BDED99332A118AF90098E2CF /* include */ = {
			isa = PBXGroup;
			children = (
				BDED99362A118AF90098E2CF /* node_list.h */,
				BDED99342A118AF90098E2CF /* node.h */,
				BDED99352A118AF90098E2CF /* object.h */,
			);
			path = include;
			sourceTree = "<group>";
		};
/* End PBXGroup section */

/* Begin PBXHeadersBuildPhase section */
		BD364AB82A11964D00CB82A7 /* Headers */ = {
			isa = PBXHeadersBuildPhase;
			buildActionMask = 2147483647;
			files = (
				BD3796FD2A11FAAD00720A16 /* config.h in Headers */,
				BD364AC42A11967100CB82A7 /* plist.h in Headers */,
			);
			runOnlyForDeploymentPostprocessing = 0;
		};
		BDED98C82A1186A20098E2CF /* Headers */ = {
			isa = PBXHeadersBuildPhase;
			buildActionMask = 2147483647;
			files = (
				BDED992C2A1186F00098E2CF /* plist.h in Headers */,
				BDED990C2A1186F00098E2CF /* bytearray.h in Headers */,
				BDED99112A1186F00098E2CF /* ptrarray.h in Headers */,
				BDED99122A1186F00098E2CF /* hashtable.h in Headers */,
				BDED994D2A118C2A0098E2CF /* config.h in Headers */,
				BDED990B2A1186F00098E2CF /* strbuf.h in Headers */,
				BDED99212A1186F00098E2CF /* time64_limits.h in Headers */,
				BD364A982A118F4000CB82A7 /* plist.h in Headers */,
				BDED99162A1186F00098E2CF /* jsmn.h in Headers */,
				BDED99102A1186F00098E2CF /* base64.h in Headers */,
				BDED99252A1186F00098E2CF /* time64.h in Headers */,
			);
			runOnlyForDeploymentPostprocessing = 0;
		};
		BDED993C2A118B1A0098E2CF /* Headers */ = {
			isa = PBXHeadersBuildPhase;
			buildActionMask = 2147483647;
			files = (
				BDED994E2A118C2A0098E2CF /* config.h in Headers */,
				BDED99482A118B330098E2CF /* node_list.h in Headers */,
				BDED99492A118B330098E2CF /* object.h in Headers */,
				BDED99472A118B330098E2CF /* node.h in Headers */,
			);
			runOnlyForDeploymentPostprocessing = 0;
		};
		BDED99522A118DAD0098E2CF /* Headers */ = {
			isa = PBXHeadersBuildPhase;
			buildActionMask = 2147483647;
			files = (
				BD364A922A118F0100CB82A7 /* Real.h in Headers */,
				BD364A972A118F3A00CB82A7 /* Integer.h in Headers */,
				BD364A8D2A118ED700CB82A7 /* Structure.h in Headers */,
				BD364A8F2A118EE600CB82A7 /* Key.h in Headers */,
				BDED99572A118DAD0098E2CF /* config.h in Headers */,
				BD364A992A118F4800CB82A7 /* Uid.h in Headers */,
				BD364A912A118EF800CB82A7 /* Node.h in Headers */,
				BD364A962A118F2A00CB82A7 /* Array.h in Headers */,
				BD364A952A118F1C00CB82A7 /* plist++.h in Headers */,
				BD364A932A118F0800CB82A7 /* Boolean.h in Headers */,
				BD364A942A118F1200CB82A7 /* Dictionary.h in Headers */,
				BD364A8E2A118EDE00CB82A7 /* Data.h in Headers */,
				BD364A902A118EF200CB82A7 /* Date.h in Headers */,
				BD364A9A2A118F5300CB82A7 /* String.h in Headers */,
			);
			runOnlyForDeploymentPostprocessing = 0;
		};
/* End PBXHeadersBuildPhase section */

/* Begin PBXNativeTarget section */
		BD364AA22A11913700CB82A7 /* plistutil */ = {
			isa = PBXNativeTarget;
			buildConfigurationList = BD364AA72A11913700CB82A7 /* Build configuration list for PBXNativeTarget "plistutil" */;
			buildPhases = (
				BD364A9F2A11913700CB82A7 /* Sources */,
				BD364AA02A11913700CB82A7 /* Frameworks */,
				BD364AA12A11913700CB82A7 /* CopyFiles */,
			);
			buildRules = (
			);
			dependencies = (
				BD364AAC2A11919800CB82A7 /* PBXTargetDependency */,
			);
			name = plistutil;
			productName = plistutil;
			productReference = BD364AA32A11913700CB82A7 /* plistutil */;
			productType = "com.apple.product-type.tool";
		};
		BD364ABC2A11964D00CB82A7 /* plist */ = {
			isa = PBXNativeTarget;
			buildConfigurationList = BD364AC12A11964D00CB82A7 /* Build configuration list for PBXNativeTarget "plist" */;
			buildPhases = (
				BD364AB82A11964D00CB82A7 /* Headers */,
				BD364AB92A11964D00CB82A7 /* Sources */,
				BD364ABA2A11964D00CB82A7 /* Frameworks */,
				BD364ABB2A11964D00CB82A7 /* Resources */,
			);
			buildRules = (
			);
			dependencies = (
				BD364AD42A1196B000CB82A7 /* PBXTargetDependency */,
			);
			name = plist;
			productName = plist;
			productReference = BD364ABD2A11964D00CB82A7 /* plist.framework */;
			productType = "com.apple.product-type.framework";
		};
		BD3796F02A11F1B800720A16 /* cnary */ = {
			isa = PBXNativeTarget;
			buildConfigurationList = BD3796F52A11F1B800720A16 /* Build configuration list for PBXNativeTarget "cnary" */;
			buildPhases = (
				BD3796ED2A11F1B800720A16 /* Sources */,
				BD3796EE2A11F1B800720A16 /* Frameworks */,
				BD3796EF2A11F1B800720A16 /* CopyFiles */,
			);
			buildRules = (
			);
			dependencies = (
				BD3796FA2A11F21800720A16 /* PBXTargetDependency */,
			);
			name = cnary;
			productName = cnary;
			productReference = BD3796F12A11F1B800720A16 /* cnary */;
			productType = "com.apple.product-type.tool";
		};
		BDED98CB2A1186A20098E2CF /* libplist */ = {
			isa = PBXNativeTarget;
			buildConfigurationList = BDED98D02A1186A20098E2CF /* Build configuration list for PBXNativeTarget "libplist" */;
			buildPhases = (
				BDED98C82A1186A20098E2CF /* Headers */,
				BDED98C92A1186A20098E2CF /* Sources */,
				BDED98CA2A1186A20098E2CF /* Frameworks */,
			);
			buildRules = (
			);
			dependencies = (
				BDED994B2A118B830098E2CF /* PBXTargetDependency */,
			);
			name = libplist;
			productName = libplist;
			productReference = BDED98CC2A1186A20098E2CF /* libplist.a */;
			productType = "com.apple.product-type.library.static";
		};
		BDED993F2A118B1A0098E2CF /* libcnary */ = {
			isa = PBXNativeTarget;
			buildConfigurationList = BDED99412A118B1B0098E2CF /* Build configuration list for PBXNativeTarget "libcnary" */;
			buildPhases = (
				BDED993C2A118B1A0098E2CF /* Headers */,
				BDED993D2A118B1A0098E2CF /* Sources */,
				BDED993E2A118B1A0098E2CF /* Frameworks */,
			);
			buildRules = (
			);
			dependencies = (
			);
			name = libcnary;
			productName = libcnary;
			productReference = BDED99402A118B1A0098E2CF /* libcnary.a */;
			productType = "com.apple.product-type.library.static";
		};
		BDED994F2A118DAD0098E2CF /* libplistcpp */ = {
			isa = PBXNativeTarget;
			buildConfigurationList = BDED99772A118DAD0098E2CF /* Build configuration list for PBXNativeTarget "libplistcpp" */;
			buildPhases = (
				BDED99522A118DAD0098E2CF /* Headers */,
				BDED995D2A118DAD0098E2CF /* Sources */,
				BDED99752A118DAD0098E2CF /* Frameworks */,
			);
			buildRules = (
			);
			dependencies = (
				BDED998D2A118E720098E2CF /* PBXTargetDependency */,
			);
			name = libplistcpp;
			productName = libplist;
			productReference = BDED997A2A118DAD0098E2CF /* libplistcpp.a */;
			productType = "com.apple.product-type.library.static";
		};
/* End PBXNativeTarget section */

/* Begin PBXProject section */
		BDED98C42A1186A20098E2CF /* Project object */ = {
			isa = PBXProject;
			attributes = {
				BuildIndependentTargetsInParallel = 1;
				LastUpgradeCheck = 1430;
				TargetAttributes = {
					BD364AA22A11913700CB82A7 = {
						CreatedOnToolsVersion = 14.3;
					};
					BD364AAE2A1194F800CB82A7 = {
						CreatedOnToolsVersion = 14.3;
					};
					BD364ABC2A11964D00CB82A7 = {
						CreatedOnToolsVersion = 14.3;
					};
					BD3796F02A11F1B800720A16 = {
						CreatedOnToolsVersion = 14.3;
					};
					BDED98CB2A1186A20098E2CF = {
						CreatedOnToolsVersion = 14.3;
					};
					BDED993F2A118B1A0098E2CF = {
						CreatedOnToolsVersion = 14.3;
					};
				};
			};
			buildConfigurationList = BDED98C72A1186A20098E2CF /* Build configuration list for PBXProject "plist" */;
			compatibilityVersion = "Xcode 9.3";
			developmentRegion = en;
			hasScannedForEncodings = 0;
			knownRegions = (
				en,
				Base,
			);
			mainGroup = BDED98C32A1186A20098E2CF;
			productRefGroup = BDED98CD2A1186A20098E2CF /* Products */;
			projectDirPath = "";
			projectRoot = "";
			targets = (
				BDED98CB2A1186A20098E2CF /* libplist */,
				BDED993F2A118B1A0098E2CF /* libcnary */,
				BDED994F2A118DAD0098E2CF /* libplistcpp */,
				BD364AA22A11913700CB82A7 /* plistutil */,
				BD364ABC2A11964D00CB82A7 /* plist */,
				BD364AAE2A1194F800CB82A7 /* ALL */,
				BD3796F02A11F1B800720A16 /* cnary */,
			);
		};
/* End PBXProject section */

/* Begin PBXResourcesBuildPhase section */
		BD364ABB2A11964D00CB82A7 /* Resources */ = {
			isa = PBXResourcesBuildPhase;
			buildActionMask = 2147483647;
			files = (
			);
			runOnlyForDeploymentPostprocessing = 0;
		};
/* End PBXResourcesBuildPhase section */

/* Begin PBXSourcesBuildPhase section */
		BD364A9F2A11913700CB82A7 /* Sources */ = {
			isa = PBXSourcesBuildPhase;
			buildActionMask = 2147483647;
			files = (
				BD364AAA2A11914A00CB82A7 /* plistutil.c in Sources */,
			);
			runOnlyForDeploymentPostprocessing = 0;
		};
		BD364AB92A11964D00CB82A7 /* Sources */ = {
			isa = PBXSourcesBuildPhase;
			buildActionMask = 2147483647;
			files = (
				BD364ACE2A11969500CB82A7 /* base64.c in Sources */,
				BD364ACC2A11969500CB82A7 /* ptrarray.c in Sources */,
				BD364AC82A11969500CB82A7 /* hashtable.c in Sources */,
				BD364AD12A11969500CB82A7 /* plist.c in Sources */,
				BD364ACA2A11969500CB82A7 /* xplist.c in Sources */,
				BD364ACB2A11969500CB82A7 /* out-plutil.c in Sources */,
				BD364AD22A11969500CB82A7 /* out-default.c in Sources */,
				BD364ACD2A11969500CB82A7 /* time64.c in Sources */,
				BD364ACF2A11969500CB82A7 /* bplist.c in Sources */,
				BD364AC62A11969500CB82A7 /* out-limd.c in Sources */,
				BD364AC72A11969500CB82A7 /* oplist.c in Sources */,
				BD364AC92A11969500CB82A7 /* jplist.c in Sources */,
				BD364AC52A11969500CB82A7 /* jsmn.c in Sources */,
				BD364AD02A11969500CB82A7 /* bytearray.c in Sources */,
			);
			runOnlyForDeploymentPostprocessing = 0;
		};
		BD3796ED2A11F1B800720A16 /* Sources */ = {
			isa = PBXSourcesBuildPhase;
			buildActionMask = 2147483647;
			files = (
				BD3796F82A11F1F100720A16 /* cnary.c in Sources */,
			);
			runOnlyForDeploymentPostprocessing = 0;
		};
		BDED98C92A1186A20098E2CF /* Sources */ = {
			isa = PBXSourcesBuildPhase;
			buildActionMask = 2147483647;
			files = (
				BDED997F2A118E470098E2CF /* out-limd.c in Sources */,
				BDED99222A1186F00098E2CF /* ptrarray.c in Sources */,
				BDED997E2A118E470098E2CF /* out-default.c in Sources */,
				BDED99242A1186F00098E2CF /* base64.c in Sources */,
				BDED990E2A1186F00098E2CF /* time64.c in Sources */,
				BDED990F2A1186F00098E2CF /* xplist.c in Sources */,
				BDED991A2A1186F00098E2CF /* plist.c in Sources */,
				BDED99292A1186F00098E2CF /* jsmn.c in Sources */,
				BDED991C2A1186F00098E2CF /* jplist.c in Sources */,
				BDED990D2A1186F00098E2CF /* bplist.c in Sources */,
				BDED99232A1186F00098E2CF /* hashtable.c in Sources */,
				BDED99802A118E470098E2CF /* out-plutil.c in Sources */,
				BDED991F2A1186F00098E2CF /* oplist.c in Sources */,
				BDED99202A1186F00098E2CF /* bytearray.c in Sources */,
			);
			runOnlyForDeploymentPostprocessing = 0;
		};
		BDED993D2A118B1A0098E2CF /* Sources */ = {
			isa = PBXSourcesBuildPhase;
			buildActionMask = 2147483647;
			files = (
				BDED99442A118B280098E2CF /* node.c in Sources */,
				BDED99452A118B280098E2CF /* node_list.c in Sources */,
			);
			runOnlyForDeploymentPostprocessing = 0;
		};
		BDED995D2A118DAD0098E2CF /* Sources */ = {
			isa = PBXSourcesBuildPhase;
			buildActionMask = 2147483647;
			files = (
				BDED995E2A118DAD0098E2CF /* Uid.cpp in Sources */,
				BDED995F2A118DAD0098E2CF /* Integer.cpp in Sources */,
				BDED99612A118DAD0098E2CF /* Node.cpp in Sources */,
				BDED99622A118DAD0098E2CF /* String.cpp in Sources */,
				BDED99632A118DAD0098E2CF /* Real.cpp in Sources */,
				BDED99662A118DAD0098E2CF /* Key.cpp in Sources */,
				BDED99692A118DAD0098E2CF /* Array.cpp in Sources */,
				BDED996C2A118DAD0098E2CF /* Date.cpp in Sources */,
				BDED996D2A118DAD0098E2CF /* Boolean.cpp in Sources */,
				BDED996E2A118DAD0098E2CF /* Data.cpp in Sources */,
				BDED99722A118DAD0098E2CF /* Structure.cpp in Sources */,
				BDED99732A118DAD0098E2CF /* Dictionary.cpp in Sources */,
			);
			runOnlyForDeploymentPostprocessing = 0;
		};
/* End PBXSourcesBuildPhase section */

/* Begin PBXTargetDependency section */
		BD364AAC2A11919800CB82A7 /* PBXTargetDependency */ = {
			isa = PBXTargetDependency;
			target = BDED98CB2A1186A20098E2CF /* libplist */;
			targetProxy = BD364AAB2A11919800CB82A7 /* PBXContainerItemProxy */;
		};
		BD364AB32A11950D00CB82A7 /* PBXTargetDependency */ = {
			isa = PBXTargetDependency;
			target = BDED98CB2A1186A20098E2CF /* libplist */;
			targetProxy = BD364AB22A11950D00CB82A7 /* PBXContainerItemProxy */;
		};
		BD364AB52A11950D00CB82A7 /* PBXTargetDependency */ = {
			isa = PBXTargetDependency;
			target = BDED994F2A118DAD0098E2CF /* libplistcpp */;
			targetProxy = BD364AB42A11950D00CB82A7 /* PBXContainerItemProxy */;
		};
		BD364AB72A11950D00CB82A7 /* PBXTargetDependency */ = {
			isa = PBXTargetDependency;
			target = BD364AA22A11913700CB82A7 /* plistutil */;
			targetProxy = BD364AB62A11950D00CB82A7 /* PBXContainerItemProxy */;
		};
		BD364AD42A1196B000CB82A7 /* PBXTargetDependency */ = {
			isa = PBXTargetDependency;
			target = BDED993F2A118B1A0098E2CF /* libcnary */;
			targetProxy = BD364AD32A1196B000CB82A7 /* PBXContainerItemProxy */;
		};
		BD3796FA2A11F21800720A16 /* PBXTargetDependency */ = {
			isa = PBXTargetDependency;
			target = BDED993F2A118B1A0098E2CF /* libcnary */;
			targetProxy = BD3796F92A11F21800720A16 /* PBXContainerItemProxy */;
		};
		BD954FA02A1199F600D5E2F2 /* PBXTargetDependency */ = {
			isa = PBXTargetDependency;
			target = BD364ABC2A11964D00CB82A7 /* plist */;
			targetProxy = BD954F9F2A1199F600D5E2F2 /* PBXContainerItemProxy */;
		};
		BDED994B2A118B830098E2CF /* PBXTargetDependency */ = {
			isa = PBXTargetDependency;
			target = BDED993F2A118B1A0098E2CF /* libcnary */;
			targetProxy = BDED994A2A118B830098E2CF /* PBXContainerItemProxy */;
		};
		BDED998D2A118E720098E2CF /* PBXTargetDependency */ = {
			isa = PBXTargetDependency;
			target = BDED98CB2A1186A20098E2CF /* libplist */;
			targetProxy = BDED998C2A118E720098E2CF /* PBXContainerItemProxy */;
		};
/* End PBXTargetDependency section */

/* Begin XCBuildConfiguration section */
		BD364AA82A11913700CB82A7 /* Debug */ = {
			isa = XCBuildConfiguration;
			buildSettings = {
				CODE_SIGN_STYLE = Automatic;
				PRODUCT_NAME = "$(TARGET_NAME)";
			};
			name = Debug;
		};
		BD364AA92A11913700CB82A7 /* Release */ = {
			isa = XCBuildConfiguration;
			buildSettings = {
				CODE_SIGN_STYLE = Automatic;
				PRODUCT_NAME = "$(TARGET_NAME)";
			};
			name = Release;
		};
		BD364AB02A1194F800CB82A7 /* Debug */ = {
			isa = XCBuildConfiguration;
			buildSettings = {
				CODE_SIGN_STYLE = Automatic;
				PRODUCT_NAME = "$(TARGET_NAME)";
			};
			name = Debug;
		};
		BD364AB12A1194F800CB82A7 /* Release */ = {
			isa = XCBuildConfiguration;
			buildSettings = {
				CODE_SIGN_STYLE = Automatic;
				PRODUCT_NAME = "$(TARGET_NAME)";
			};
			name = Release;
		};
		BD364AC22A11964D00CB82A7 /* Debug */ = {
			isa = XCBuildConfiguration;
			buildSettings = {
				CODE_SIGN_STYLE = Automatic;
				COMBINE_HIDPI_IMAGES = YES;
				COPY_HEADERS_RUN_UNIFDEF = YES;
				COPY_HEADERS_UNIFDEF_FLAGS = "-U_MSC_VER -U_WIN32 -ULIBPLIST_STATIC";
				CURRENT_PROJECT_VERSION = 1;
				DEFINES_MODULE = YES;
				DYLIB_COMPATIBILITY_VERSION = 1;
				DYLIB_CURRENT_VERSION = 1;
				DYLIB_INSTALL_NAME_BASE = "@rpath";
				ENABLE_MODULE_VERIFIER = NO;
				GENERATE_INFOPLIST_FILE = NO;
				INFOPLIST_FILE = plist/info.plist;
				INFOPLIST_KEY_NSHumanReadableCopyright = "";
				INSTALL_PATH = "$(LOCAL_LIBRARY_DIR)/Frameworks";
				LD_RUNPATH_SEARCH_PATHS = (
					"$(inherited)",
					"@executable_path/../Frameworks",
					"@loader_path/Frameworks",
				);
				MARKETING_VERSION = 2.3.0;
				MODULEMAP_FILE = plist.modulemap;
				MODULE_VERIFIER_SUPPORTED_LANGUAGES = "objective-c objective-c++";
				MODULE_VERIFIER_SUPPORTED_LANGUAGE_STANDARDS = "gnu11 gnu++20";
				PRODUCT_BUNDLE_IDENTIFIER = org.libimobiledevice.plist;
				PRODUCT_NAME = "$(TARGET_NAME:c99extidentifier)";
				SKIP_INSTALL = NO;
				SWIFT_EMIT_LOC_STRINGS = YES;
				SYSTEM_HEADER_SEARCH_PATHS = (
					"\"$(SRCROOT)/../../src\"",
					"$(inherited)",
				);
				VERSIONING_SYSTEM = "apple-generic";
				VERSION_INFO_PREFIX = "";
			};
			name = Debug;
		};
		BD364AC32A11964D00CB82A7 /* Release */ = {
			isa = XCBuildConfiguration;
			buildSettings = {
				CODE_SIGN_STYLE = Automatic;
				COMBINE_HIDPI_IMAGES = YES;
				COPY_HEADERS_RUN_UNIFDEF = YES;
				COPY_HEADERS_UNIFDEF_FLAGS = "-U_MSC_VER -U_WIN32 -ULIBPLIST_STATIC";
				CURRENT_PROJECT_VERSION = 1;
				DEFINES_MODULE = YES;
				DYLIB_COMPATIBILITY_VERSION = 1;
				DYLIB_CURRENT_VERSION = 1;
				DYLIB_INSTALL_NAME_BASE = "@rpath";
				ENABLE_MODULE_VERIFIER = NO;
				GENERATE_INFOPLIST_FILE = NO;
				INFOPLIST_FILE = plist/info.plist;
				INFOPLIST_KEY_NSHumanReadableCopyright = "";
				INSTALL_PATH = "$(LOCAL_LIBRARY_DIR)/Frameworks";
				LD_RUNPATH_SEARCH_PATHS = (
					"$(inherited)",
					"@executable_path/../Frameworks",
					"@loader_path/Frameworks",
				);
				MARKETING_VERSION = 2.3.0;
				MODULEMAP_FILE = plist.modulemap;
				MODULE_VERIFIER_SUPPORTED_LANGUAGES = "objective-c objective-c++";
				MODULE_VERIFIER_SUPPORTED_LANGUAGE_STANDARDS = "gnu11 gnu++20";
				PRODUCT_BUNDLE_IDENTIFIER = org.libimobiledevice.plist;
				PRODUCT_NAME = "$(TARGET_NAME:c99extidentifier)";
				SKIP_INSTALL = NO;
				SWIFT_EMIT_LOC_STRINGS = YES;
				SYSTEM_HEADER_SEARCH_PATHS = (
					"\"$(SRCROOT)/../../src\"",
					"$(inherited)",
				);
				VERSIONING_SYSTEM = "apple-generic";
				VERSION_INFO_PREFIX = "";
			};
			name = Release;
		};
		BD3796F62A11F1B800720A16 /* Debug */ = {
			isa = XCBuildConfiguration;
			buildSettings = {
				CODE_SIGN_STYLE = Automatic;
				PRODUCT_NAME = "$(TARGET_NAME)";
			};
			name = Debug;
		};
		BD3796F72A11F1B800720A16 /* Release */ = {
			isa = XCBuildConfiguration;
			buildSettings = {
				CODE_SIGN_STYLE = Automatic;
				PRODUCT_NAME = "$(TARGET_NAME)";
			};
			name = Release;
		};
		BDED98CE2A1186A20098E2CF /* Debug */ = {
			isa = XCBuildConfiguration;
			buildSettings = {
				ALWAYS_SEARCH_USER_PATHS = NO;
				CLANG_ANALYZER_NONNULL = YES;
				CLANG_ANALYZER_NUMBER_OBJECT_CONVERSION = YES_AGGRESSIVE;
				CLANG_CXX_LANGUAGE_STANDARD = "gnu++14";
				CLANG_ENABLE_MODULES = YES;
				CLANG_ENABLE_OBJC_ARC = YES;
				CLANG_ENABLE_OBJC_WEAK = YES;
				CLANG_WARN_BLOCK_CAPTURE_AUTORELEASING = YES;
				CLANG_WARN_BOOL_CONVERSION = YES;
				CLANG_WARN_COMMA = YES;
				CLANG_WARN_CONSTANT_CONVERSION = YES;
				CLANG_WARN_DEPRECATED_OBJC_IMPLEMENTATIONS = YES;
				CLANG_WARN_DIRECT_OBJC_ISA_USAGE = YES_ERROR;
				CLANG_WARN_DOCUMENTATION_COMMENTS = YES;
				CLANG_WARN_EMPTY_BODY = YES;
				CLANG_WARN_ENUM_CONVERSION = YES;
				CLANG_WARN_INFINITE_RECURSION = YES;
				CLANG_WARN_INT_CONVERSION = YES;
				CLANG_WARN_NON_LITERAL_NULL_CONVERSION = YES;
				CLANG_WARN_OBJC_IMPLICIT_RETAIN_SELF = YES;
				CLANG_WARN_OBJC_LITERAL_CONVERSION = YES;
				CLANG_WARN_OBJC_ROOT_CLASS = YES_ERROR;
				CLANG_WARN_QUOTED_INCLUDE_IN_FRAMEWORK_HEADER = YES;
				CLANG_WARN_RANGE_LOOP_ANALYSIS = YES;
				CLANG_WARN_STRICT_PROTOTYPES = YES;
				CLANG_WARN_SUSPICIOUS_MOVE = YES;
				CLANG_WARN_UNGUARDED_AVAILABILITY = YES_AGGRESSIVE;
				CLANG_WARN_UNREACHABLE_CODE = YES;
				CLANG_WARN__DUPLICATE_METHOD_MATCH = YES;
				COPY_PHASE_STRIP = NO;
				DEBUG_INFORMATION_FORMAT = dwarf;
				ENABLE_STRICT_OBJC_MSGSEND = YES;
				ENABLE_TESTABILITY = YES;
				GCC_C_LANGUAGE_STANDARD = gnu11;
				GCC_DYNAMIC_NO_PIC = NO;
				GCC_NO_COMMON_BLOCKS = YES;
				GCC_OPTIMIZATION_LEVEL = 0;
				GCC_PREPROCESSOR_DEFINITIONS = (
					"_DEBUG=1",
					"DEBUG=1",
					"HAVE_CONFIG_H=1",
					"$(inherited)",
				);
				GCC_WARN_64_TO_32_BIT_CONVERSION = NO;
				GCC_WARN_ABOUT_RETURN_TYPE = YES_ERROR;
				GCC_WARN_UNDECLARED_SELECTOR = YES;
				GCC_WARN_UNINITIALIZED_AUTOS = YES_AGGRESSIVE;
				GCC_WARN_UNUSED_FUNCTION = YES;
				GCC_WARN_UNUSED_VARIABLE = YES;
				HEADER_SEARCH_PATHS = "\"$(SRCROOT)/../../include\"";
				MACOSX_DEPLOYMENT_TARGET = 10.13;
				MTL_ENABLE_DEBUG_INFO = INCLUDE_SOURCE;
				MTL_FAST_MATH = YES;
				ONLY_ACTIVE_ARCH = YES;
				SDKROOT = macosx;
				SYSTEM_HEADER_SEARCH_PATHS = (
					"\"$(SRCROOT)/Include\"",
					"\"$(SRCROOT)/../../libcnary/include\"",
				);
				USE_HEADERMAP = NO;
			};
			name = Debug;
		};
		BDED98CF2A1186A20098E2CF /* Release */ = {
			isa = XCBuildConfiguration;
			buildSettings = {
				ALWAYS_SEARCH_USER_PATHS = NO;
				CLANG_ANALYZER_NONNULL = YES;
				CLANG_ANALYZER_NUMBER_OBJECT_CONVERSION = YES_AGGRESSIVE;
				CLANG_CXX_LANGUAGE_STANDARD = "gnu++14";
				CLANG_ENABLE_MODULES = YES;
				CLANG_ENABLE_OBJC_ARC = YES;
				CLANG_ENABLE_OBJC_WEAK = YES;
				CLANG_WARN_BLOCK_CAPTURE_AUTORELEASING = YES;
				CLANG_WARN_BOOL_CONVERSION = YES;
				CLANG_WARN_COMMA = YES;
				CLANG_WARN_CONSTANT_CONVERSION = YES;
				CLANG_WARN_DEPRECATED_OBJC_IMPLEMENTATIONS = YES;
				CLANG_WARN_DIRECT_OBJC_ISA_USAGE = YES_ERROR;
				CLANG_WARN_DOCUMENTATION_COMMENTS = YES;
				CLANG_WARN_EMPTY_BODY = YES;
				CLANG_WARN_ENUM_CONVERSION = YES;
				CLANG_WARN_INFINITE_RECURSION = YES;
				CLANG_WARN_INT_CONVERSION = YES;
				CLANG_WARN_NON_LITERAL_NULL_CONVERSION = YES;
				CLANG_WARN_OBJC_IMPLICIT_RETAIN_SELF = YES;
				CLANG_WARN_OBJC_LITERAL_CONVERSION = YES;
				CLANG_WARN_OBJC_ROOT_CLASS = YES_ERROR;
				CLANG_WARN_QUOTED_INCLUDE_IN_FRAMEWORK_HEADER = YES;
				CLANG_WARN_RANGE_LOOP_ANALYSIS = YES;
				CLANG_WARN_STRICT_PROTOTYPES = YES;
				CLANG_WARN_SUSPICIOUS_MOVE = YES;
				CLANG_WARN_UNGUARDED_AVAILABILITY = YES_AGGRESSIVE;
				CLANG_WARN_UNREACHABLE_CODE = YES;
				CLANG_WARN__DUPLICATE_METHOD_MATCH = YES;
				COPY_PHASE_STRIP = NO;
				DEBUG_INFORMATION_FORMAT = "dwarf-with-dsym";
				ENABLE_NS_ASSERTIONS = NO;
				ENABLE_STRICT_OBJC_MSGSEND = YES;
				GCC_C_LANGUAGE_STANDARD = gnu11;
				GCC_NO_COMMON_BLOCKS = YES;
				GCC_PREPROCESSOR_DEFINITIONS = (
					"NDEBUG=1",
					"HAVE_CONFIG_H=1",
				);
				GCC_WARN_64_TO_32_BIT_CONVERSION = NO;
				GCC_WARN_ABOUT_RETURN_TYPE = YES_ERROR;
				GCC_WARN_UNDECLARED_SELECTOR = YES;
				GCC_WARN_UNINITIALIZED_AUTOS = YES_AGGRESSIVE;
				GCC_WARN_UNUSED_FUNCTION = YES;
				GCC_WARN_UNUSED_VARIABLE = YES;
				HEADER_SEARCH_PATHS = "\"$(SRCROOT)/../../include\"";
				MACOSX_DEPLOYMENT_TARGET = 10.13;
				MTL_ENABLE_DEBUG_INFO = NO;
				MTL_FAST_MATH = YES;
				SDKROOT = macosx;
				SYSTEM_HEADER_SEARCH_PATHS = (
					"\"$(SRCROOT)/Include\"",
					"\"$(SRCROOT)/../../libcnary/include\"",
				);
				USE_HEADERMAP = NO;
			};
			name = Release;
		};
		BDED98D12A1186A20098E2CF /* Debug */ = {
			isa = XCBuildConfiguration;
			buildSettings = {
				CODE_SIGN_STYLE = Automatic;
				EXECUTABLE_PREFIX = "";
				PRODUCT_NAME = "$(TARGET_NAME)";
				PUBLIC_HEADERS_FOLDER_PATH = /usr/local/include/plist;
				SKIP_INSTALL = NO;
				SYSTEM_HEADER_SEARCH_PATHS = (
					"\"$(SRCROOT)/../../src\"",
					"$(inherited)",
				);
			};
			name = Debug;
		};
		BDED98D22A1186A20098E2CF /* Release */ = {
			isa = XCBuildConfiguration;
			buildSettings = {
				CODE_SIGN_STYLE = Automatic;
				EXECUTABLE_PREFIX = "";
				PRODUCT_NAME = "$(TARGET_NAME)";
				PUBLIC_HEADERS_FOLDER_PATH = /usr/local/include/plist;
				SKIP_INSTALL = NO;
				SYSTEM_HEADER_SEARCH_PATHS = (
					"\"$(SRCROOT)/../../src\"",
					"$(inherited)",
				);
			};
			name = Release;
		};
		BDED99422A118B1B0098E2CF /* Debug */ = {
			isa = XCBuildConfiguration;
			buildSettings = {
				CODE_SIGN_STYLE = Automatic;
				EXECUTABLE_PREFIX = "";
				PRODUCT_NAME = "$(TARGET_NAME)";
				SKIP_INSTALL = YES;
			};
			name = Debug;
		};
		BDED99432A118B1B0098E2CF /* Release */ = {
			isa = XCBuildConfiguration;
			buildSettings = {
				CODE_SIGN_STYLE = Automatic;
				EXECUTABLE_PREFIX = "";
				PRODUCT_NAME = "$(TARGET_NAME)";
				SKIP_INSTALL = YES;
			};
			name = Release;
		};
		BDED99782A118DAD0098E2CF /* Debug */ = {
			isa = XCBuildConfiguration;
			buildSettings = {
				CODE_SIGN_STYLE = Automatic;
				EXECUTABLE_PREFIX = "";
				PRODUCT_NAME = "$(TARGET_NAME)";
				PUBLIC_HEADERS_FOLDER_PATH = /usr/local/include/plist;
				SKIP_INSTALL = NO;
				SYSTEM_HEADER_SEARCH_PATHS = (
					"\"$(SRCROOT)/../../src\"",
					"$(inherited)",
				);
			};
			name = Debug;
		};
		BDED99792A118DAD0098E2CF /* Release */ = {
			isa = XCBuildConfiguration;
			buildSettings = {
				CODE_SIGN_STYLE = Automatic;
				EXECUTABLE_PREFIX = "";
				PRODUCT_NAME = "$(TARGET_NAME)";
				PUBLIC_HEADERS_FOLDER_PATH = /usr/local/include/plist;
				SKIP_INSTALL = NO;
				SYSTEM_HEADER_SEARCH_PATHS = (
					"\"$(SRCROOT)/../../src\"",
					"$(inherited)",
				);
			};
			name = Release;
		};
/* End XCBuildConfiguration section */

/* Begin XCConfigurationList section */
		BD364AA72A11913700CB82A7 /* Build configuration list for PBXNativeTarget "plistutil" */ = {
			isa = XCConfigurationList;
			buildConfigurations = (
				BD364AA82A11913700CB82A7 /* Debug */,
				BD364AA92A11913700CB82A7 /* Release */,
			);
			defaultConfigurationIsVisible = 0;
			defaultConfigurationName = Release;
		};
		BD364AAF2A1194F800CB82A7 /* Build configuration list for PBXAggregateTarget "ALL" */ = {
			isa = XCConfigurationList;
			buildConfigurations = (
				BD364AB02A1194F800CB82A7 /* Debug */,
				BD364AB12A1194F800CB82A7 /* Release */,
			);
			defaultConfigurationIsVisible = 0;
			defaultConfigurationName = Release;
		};
		BD364AC12A11964D00CB82A7 /* Build configuration list for PBXNativeTarget "plist" */ = {
			isa = XCConfigurationList;
			buildConfigurations = (
				BD364AC22A11964D00CB82A7 /* Debug */,
				BD364AC32A11964D00CB82A7 /* Release */,
			);
			defaultConfigurationIsVisible = 0;
			defaultConfigurationName = Release;
		};
		BD3796F52A11F1B800720A16 /* Build configuration list for PBXNativeTarget "cnary" */ = {
			isa = XCConfigurationList;
			buildConfigurations = (
				BD3796F62A11F1B800720A16 /* Debug */,
				BD3796F72A11F1B800720A16 /* Release */,
			);
			defaultConfigurationIsVisible = 0;
			defaultConfigurationName = Release;
		};
		BDED98C72A1186A20098E2CF /* Build configuration list for PBXProject "plist" */ = {
			isa = XCConfigurationList;
			buildConfigurations = (
				BDED98CE2A1186A20098E2CF /* Debug */,
				BDED98CF2A1186A20098E2CF /* Release */,
			);
			defaultConfigurationIsVisible = 0;
			defaultConfigurationName = Release;
		};
		BDED98D02A1186A20098E2CF /* Build configuration list for PBXNativeTarget "libplist" */ = {
			isa = XCConfigurationList;
			buildConfigurations = (
				BDED98D12A1186A20098E2CF /* Debug */,
				BDED98D22A1186A20098E2CF /* Release */,
			);
			defaultConfigurationIsVisible = 0;
			defaultConfigurationName = Release;
		};
		BDED99412A118B1B0098E2CF /* Build configuration list for PBXNativeTarget "libcnary" */ = {
			isa = XCConfigurationList;
			buildConfigurations = (
				BDED99422A118B1B0098E2CF /* Debug */,
				BDED99432A118B1B0098E2CF /* Release */,
			);
			defaultConfigurationIsVisible = 0;
			defaultConfigurationName = Release;
		};
		BDED99772A118DAD0098E2CF /* Build configuration list for PBXNativeTarget "libplistcpp" */ = {
			isa = XCConfigurationList;
			buildConfigurations = (
				BDED99782A118DAD0098E2CF /* Debug */,
				BDED99792A118DAD0098E2CF /* Release */,
			);
			defaultConfigurationIsVisible = 0;
			defaultConfigurationName = Release;
		};
/* End XCConfigurationList section */
	};
	rootObject = BDED98C42A1186A20098E2CF /* Project object */;
}
